// !$*UTF8*$!
{
	archiveVersion = 1;
	classes = {
	};
	objectVersion = 51;
	objects = {

/* Begin PBXBuildFile section */
		0AAC5D0370290F2AD18037B8 /* Pods_SkybondsTestTaskTests.framework in Frameworks */ = {isa = PBXBuildFile; fileRef = 2B4AC333BA4354B568BE61B9 /* Pods_SkybondsTestTaskTests.framework */; };
		8461063E23786FF6003C2532 /* AppDelegate.swift in Sources */ = {isa = PBXBuildFile; fileRef = 8461063D23786FF6003C2532 /* AppDelegate.swift */; };
		8461064023786FF6003C2532 /* SceneDelegate.swift in Sources */ = {isa = PBXBuildFile; fileRef = 8461063F23786FF6003C2532 /* SceneDelegate.swift */; };
		8461064223786FF6003C2532 /* ViewController.swift in Sources */ = {isa = PBXBuildFile; fileRef = 8461064123786FF6003C2532 /* ViewController.swift */; };
		8461064523786FF6003C2532 /* Main.storyboard in Resources */ = {isa = PBXBuildFile; fileRef = 8461064323786FF6003C2532 /* Main.storyboard */; };
		8461064A23786FF8003C2532 /* LaunchScreen.storyboard in Resources */ = {isa = PBXBuildFile; fileRef = 8461064823786FF8003C2532 /* LaunchScreen.storyboard */; };
		8461065523786FF8003C2532 /* SkybondsTestTaskTests.swift in Sources */ = {isa = PBXBuildFile; fileRef = 8461065423786FF8003C2532 /* SkybondsTestTaskTests.swift */; };
		84610663237AA4FE003C2532 /* ShareData.swift in Sources */ = {isa = PBXBuildFile; fileRef = 84610662237AA4FE003C2532 /* ShareData.swift */; };
		84696213237B2A9400701D9B /* Assets.xcassets in Resources */ = {isa = PBXBuildFile; fileRef = 8461064623786FF8003C2532 /* Assets.xcassets */; };
		8485C813237AE948000E6E79 /* SharePlotViewController.swift in Sources */ = {isa = PBXBuildFile; fileRef = 8485C812237AE948000E6E79 /* SharePlotViewController.swift */; };
		8485C816237AEB17000E6E79 /* SharePlotPresenter.swift in Sources */ = {isa = PBXBuildFile; fileRef = 8485C815237AEB17000E6E79 /* SharePlotPresenter.swift */; };
		8485C818237AEB22000E6E79 /* SharePlotInteractor.swift in Sources */ = {isa = PBXBuildFile; fileRef = 8485C817237AEB22000E6E79 /* SharePlotInteractor.swift */; };
		8485C81A237AEB92000E6E79 /* SharePlotFactory.swift in Sources */ = {isa = PBXBuildFile; fileRef = 8485C819237AEB92000E6E79 /* SharePlotFactory.swift */; };
		8485C81E237B0A18000E6E79 /* DataValueFormatter.swift in Sources */ = {isa = PBXBuildFile; fileRef = 8485C81D237B0A18000E6E79 /* DataValueFormatter.swift */; };
		8485C820237B1F36000E6E79 /* UIView+Properties.swift in Sources */ = {isa = PBXBuildFile; fileRef = 8485C81F237B1F36000E6E79 /* UIView+Properties.swift */; };
		E2C797B356B81D2086FC047C /* Pods_SkybondsTestTask.framework in Frameworks */ = {isa = PBXBuildFile; fileRef = DD66D9EAA87320C20A69489C /* Pods_SkybondsTestTask.framework */; };
/* End PBXBuildFile section */

/* Begin PBXContainerItemProxy section */
		8461065123786FF8003C2532 /* PBXContainerItemProxy */ = {
			isa = PBXContainerItemProxy;
			containerPortal = 8461063223786FF6003C2532 /* Project object */;
			proxyType = 1;
			remoteGlobalIDString = 8461063923786FF6003C2532;
			remoteInfo = SkybondsTestTask;
		};
/* End PBXContainerItemProxy section */

/* Begin PBXFileReference section */
		06F2DD04CA3F2AE79603C787 /* Pods-SkybondsTestTask.debug.xcconfig */ = {isa = PBXFileReference; includeInIndex = 1; lastKnownFileType = text.xcconfig; name = "Pods-SkybondsTestTask.debug.xcconfig"; path = "Target Support Files/Pods-SkybondsTestTask/Pods-SkybondsTestTask.debug.xcconfig"; sourceTree = "<group>"; };
		2B4AC333BA4354B568BE61B9 /* Pods_SkybondsTestTaskTests.framework */ = {isa = PBXFileReference; explicitFileType = wrapper.framework; includeInIndex = 0; path = Pods_SkybondsTestTaskTests.framework; sourceTree = BUILT_PRODUCTS_DIR; };
		83D6F8CE175C13666FA801A6 /* Pods-SkybondsTestTaskTests.release.xcconfig */ = {isa = PBXFileReference; includeInIndex = 1; lastKnownFileType = text.xcconfig; name = "Pods-SkybondsTestTaskTests.release.xcconfig"; path = "Target Support Files/Pods-SkybondsTestTaskTests/Pods-SkybondsTestTaskTests.release.xcconfig"; sourceTree = "<group>"; };
		8461063A23786FF6003C2532 /* SkybondsTestTask.app */ = {isa = PBXFileReference; explicitFileType = wrapper.application; includeInIndex = 0; path = SkybondsTestTask.app; sourceTree = BUILT_PRODUCTS_DIR; };
		8461063D23786FF6003C2532 /* AppDelegate.swift */ = {isa = PBXFileReference; lastKnownFileType = sourcecode.swift; path = AppDelegate.swift; sourceTree = "<group>"; };
		8461063F23786FF6003C2532 /* SceneDelegate.swift */ = {isa = PBXFileReference; lastKnownFileType = sourcecode.swift; path = SceneDelegate.swift; sourceTree = "<group>"; };
		8461064123786FF6003C2532 /* ViewController.swift */ = {isa = PBXFileReference; lastKnownFileType = sourcecode.swift; path = ViewController.swift; sourceTree = "<group>"; };
		8461064423786FF6003C2532 /* Base */ = {isa = PBXFileReference; lastKnownFileType = file.storyboard; name = Base; path = Base.lproj/Main.storyboard; sourceTree = "<group>"; };
		8461064623786FF8003C2532 /* Assets.xcassets */ = {isa = PBXFileReference; lastKnownFileType = folder.assetcatalog; path = Assets.xcassets; sourceTree = "<group>"; };
		8461064923786FF8003C2532 /* Base */ = {isa = PBXFileReference; lastKnownFileType = file.storyboard; name = Base; path = Base.lproj/LaunchScreen.storyboard; sourceTree = "<group>"; };
		8461064B23786FF8003C2532 /* Info.plist */ = {isa = PBXFileReference; lastKnownFileType = text.plist.xml; path = Info.plist; sourceTree = "<group>"; };
		8461065023786FF8003C2532 /* SkybondsTestTaskTests.xctest */ = {isa = PBXFileReference; explicitFileType = wrapper.cfbundle; includeInIndex = 0; path = SkybondsTestTaskTests.xctest; sourceTree = BUILT_PRODUCTS_DIR; };
		8461065423786FF8003C2532 /* SkybondsTestTaskTests.swift */ = {isa = PBXFileReference; lastKnownFileType = sourcecode.swift; path = SkybondsTestTaskTests.swift; sourceTree = "<group>"; };
		8461065623786FF8003C2532 /* Info.plist */ = {isa = PBXFileReference; lastKnownFileType = text.plist.xml; path = Info.plist; sourceTree = "<group>"; };
		84610662237AA4FE003C2532 /* ShareData.swift */ = {isa = PBXFileReference; lastKnownFileType = sourcecode.swift; path = ShareData.swift; sourceTree = "<group>"; };
		8485C812237AE948000E6E79 /* SharePlotViewController.swift */ = {isa = PBXFileReference; lastKnownFileType = sourcecode.swift; path = SharePlotViewController.swift; sourceTree = "<group>"; };
		8485C815237AEB17000E6E79 /* SharePlotPresenter.swift */ = {isa = PBXFileReference; lastKnownFileType = sourcecode.swift; path = SharePlotPresenter.swift; sourceTree = "<group>"; };
		8485C817237AEB22000E6E79 /* SharePlotInteractor.swift */ = {isa = PBXFileReference; lastKnownFileType = sourcecode.swift; path = SharePlotInteractor.swift; sourceTree = "<group>"; };
		8485C819237AEB92000E6E79 /* SharePlotFactory.swift */ = {isa = PBXFileReference; lastKnownFileType = sourcecode.swift; path = SharePlotFactory.swift; sourceTree = "<group>"; };
		8485C81D237B0A18000E6E79 /* DataValueFormatter.swift */ = {isa = PBXFileReference; lastKnownFileType = sourcecode.swift; path = DataValueFormatter.swift; sourceTree = "<group>"; };
		8485C81F237B1F36000E6E79 /* UIView+Properties.swift */ = {isa = PBXFileReference; lastKnownFileType = sourcecode.swift; path = "UIView+Properties.swift"; sourceTree = "<group>"; };
		8962C7D41612489DD7381B7B /* Pods-SkybondsTestTask.release.xcconfig */ = {isa = PBXFileReference; includeInIndex = 1; lastKnownFileType = text.xcconfig; name = "Pods-SkybondsTestTask.release.xcconfig"; path = "Target Support Files/Pods-SkybondsTestTask/Pods-SkybondsTestTask.release.xcconfig"; sourceTree = "<group>"; };
		DD66D9EAA87320C20A69489C /* Pods_SkybondsTestTask.framework */ = {isa = PBXFileReference; explicitFileType = wrapper.framework; includeInIndex = 0; path = Pods_SkybondsTestTask.framework; sourceTree = BUILT_PRODUCTS_DIR; };
		F069EE52AD6020650B9933DE /* Pods-SkybondsTestTaskTests.debug.xcconfig */ = {isa = PBXFileReference; includeInIndex = 1; lastKnownFileType = text.xcconfig; name = "Pods-SkybondsTestTaskTests.debug.xcconfig"; path = "Target Support Files/Pods-SkybondsTestTaskTests/Pods-SkybondsTestTaskTests.debug.xcconfig"; sourceTree = "<group>"; };
/* End PBXFileReference section */

/* Begin PBXFrameworksBuildPhase section */
		8461063723786FF6003C2532 /* Frameworks */ = {
			isa = PBXFrameworksBuildPhase;
			buildActionMask = 2147483647;
			files = (
				E2C797B356B81D2086FC047C /* Pods_SkybondsTestTask.framework in Frameworks */,
			);
			runOnlyForDeploymentPostprocessing = 0;
		};
		8461064D23786FF8003C2532 /* Frameworks */ = {
			isa = PBXFrameworksBuildPhase;
			buildActionMask = 2147483647;
			files = (
				0AAC5D0370290F2AD18037B8 /* Pods_SkybondsTestTaskTests.framework in Frameworks */,
			);
			runOnlyForDeploymentPostprocessing = 0;
		};
/* End PBXFrameworksBuildPhase section */

/* Begin PBXGroup section */
		7F42CE651023337A8A53B1A3 /* Pods */ = {
			isa = PBXGroup;
			children = (
				06F2DD04CA3F2AE79603C787 /* Pods-SkybondsTestTask.debug.xcconfig */,
				8962C7D41612489DD7381B7B /* Pods-SkybondsTestTask.release.xcconfig */,
				F069EE52AD6020650B9933DE /* Pods-SkybondsTestTaskTests.debug.xcconfig */,
				83D6F8CE175C13666FA801A6 /* Pods-SkybondsTestTaskTests.release.xcconfig */,
			);
			path = Pods;
			sourceTree = "<group>";
		};
		8461063123786FF6003C2532 = {
			isa = PBXGroup;
			children = (
				8461063C23786FF6003C2532 /* SkybondsTestTask */,
				8461065323786FF8003C2532 /* SkybondsTestTaskTests */,
				8461063B23786FF6003C2532 /* Products */,
				7F42CE651023337A8A53B1A3 /* Pods */,
				B00A8FDEC5D453E9E0F146A5 /* Frameworks */,
			);
			sourceTree = "<group>";
		};
		8461063B23786FF6003C2532 /* Products */ = {
			isa = PBXGroup;
			children = (
				8461063A23786FF6003C2532 /* SkybondsTestTask.app */,
				8461065023786FF8003C2532 /* SkybondsTestTaskTests.xctest */,
			);
			name = Products;
			sourceTree = "<group>";
		};
		8461063C23786FF6003C2532 /* SkybondsTestTask */ = {
			isa = PBXGroup;
			children = (
				8485C81C237B0A01000E6E79 /* Chart */,
				8485C814237AE952000E6E79 /* SharePlotComponent */,
				84610661237AA4EB003C2532 /* Model */,
				8461063D23786FF6003C2532 /* AppDelegate.swift */,
				8461063F23786FF6003C2532 /* SceneDelegate.swift */,
				8461064123786FF6003C2532 /* ViewController.swift */,
				8461064323786FF6003C2532 /* Main.storyboard */,
				8461064623786FF8003C2532 /* Assets.xcassets */,
				8461064823786FF8003C2532 /* LaunchScreen.storyboard */,
				8461064B23786FF8003C2532 /* Info.plist */,
				8485C81F237B1F36000E6E79 /* UIView+Properties.swift */,
			);
			path = SkybondsTestTask;
			sourceTree = "<group>";
		};
		8461065323786FF8003C2532 /* SkybondsTestTaskTests */ = {
			isa = PBXGroup;
			children = (
				8461065423786FF8003C2532 /* SkybondsTestTaskTests.swift */,
				8461065623786FF8003C2532 /* Info.plist */,
			);
			path = SkybondsTestTaskTests;
			sourceTree = "<group>";
		};
		84610661237AA4EB003C2532 /* Model */ = {
			isa = PBXGroup;
			children = (
				84610662237AA4FE003C2532 /* ShareData.swift */,
			);
			path = Model;
			sourceTree = "<group>";
		};
		8485C814237AE952000E6E79 /* SharePlotComponent */ = {
			isa = PBXGroup;
			children = (
				8485C812237AE948000E6E79 /* SharePlotViewController.swift */,
				8485C815237AEB17000E6E79 /* SharePlotPresenter.swift */,
				8485C817237AEB22000E6E79 /* SharePlotInteractor.swift */,
				8485C819237AEB92000E6E79 /* SharePlotFactory.swift */,
			);
			path = SharePlotComponent;
			sourceTree = "<group>";
		};
		8485C81C237B0A01000E6E79 /* Chart */ = {
			isa = PBXGroup;
			children = (
				8485C81D237B0A18000E6E79 /* DataValueFormatter.swift */,
			);
			path = Chart;
			sourceTree = "<group>";
		};
		B00A8FDEC5D453E9E0F146A5 /* Frameworks */ = {
			isa = PBXGroup;
			children = (
				DD66D9EAA87320C20A69489C /* Pods_SkybondsTestTask.framework */,
				2B4AC333BA4354B568BE61B9 /* Pods_SkybondsTestTaskTests.framework */,
			);
			name = Frameworks;
			sourceTree = "<group>";
		};
/* End PBXGroup section */

/* Begin PBXNativeTarget section */
		8461063923786FF6003C2532 /* SkybondsTestTask */ = {
			isa = PBXNativeTarget;
			buildConfigurationList = 8461065923786FF8003C2532 /* Build configuration list for PBXNativeTarget "SkybondsTestTask" */;
			buildPhases = (
				87378BD1B394E619EA83E678 /* [CP] Check Pods Manifest.lock */,
				8461063623786FF6003C2532 /* Sources */,
				8461063723786FF6003C2532 /* Frameworks */,
				8461063823786FF6003C2532 /* Resources */,
				1BDC241438972FBC76503AD2 /* [CP] Embed Pods Frameworks */,
			);
			buildRules = (
			);
			dependencies = (
			);
			name = SkybondsTestTask;
			productName = SkybondsTestTask;
			productReference = 8461063A23786FF6003C2532 /* SkybondsTestTask.app */;
			productType = "com.apple.product-type.application";
		};
		8461064F23786FF8003C2532 /* SkybondsTestTaskTests */ = {
			isa = PBXNativeTarget;
			buildConfigurationList = 8461065C23786FF8003C2532 /* Build configuration list for PBXNativeTarget "SkybondsTestTaskTests" */;
			buildPhases = (
				8087D13DE6A773F4E4F1A53F /* [CP] Check Pods Manifest.lock */,
				8461064C23786FF8003C2532 /* Sources */,
				8461064D23786FF8003C2532 /* Frameworks */,
				8461064E23786FF8003C2532 /* Resources */,
			);
			buildRules = (
			);
			dependencies = (
				8461065223786FF8003C2532 /* PBXTargetDependency */,
			);
			name = SkybondsTestTaskTests;
			productName = SkybondsTestTaskTests;
			productReference = 8461065023786FF8003C2532 /* SkybondsTestTaskTests.xctest */;
			productType = "com.apple.product-type.bundle.unit-test";
		};
/* End PBXNativeTarget section */

/* Begin PBXProject section */
		8461063223786FF6003C2532 /* Project object */ = {
			isa = PBXProject;
			attributes = {
				LastSwiftUpdateCheck = 1110;
				LastUpgradeCheck = 1110;
				ORGANIZATIONNAME = "Sergey Kharchenko";
				TargetAttributes = {
					8461063923786FF6003C2532 = {
						CreatedOnToolsVersion = 11.1;
					};
					8461064F23786FF8003C2532 = {
						CreatedOnToolsVersion = 11.1;
						TestTargetID = 8461063923786FF6003C2532;
					};
				};
			};
			buildConfigurationList = 8461063523786FF6003C2532 /* Build configuration list for PBXProject "SkybondsTestTask" */;
			compatibilityVersion = "Xcode 9.3";
			developmentRegion = en;
			hasScannedForEncodings = 0;
			knownRegions = (
				en,
				Base,
			);
			mainGroup = 8461063123786FF6003C2532;
			productRefGroup = 8461063B23786FF6003C2532 /* Products */;
			projectDirPath = "";
			projectRoot = "";
			targets = (
				8461063923786FF6003C2532 /* SkybondsTestTask */,
				8461064F23786FF8003C2532 /* SkybondsTestTaskTests */,
			);
		};
/* End PBXProject section */

/* Begin PBXResourcesBuildPhase section */
		8461063823786FF6003C2532 /* Resources */ = {
			isa = PBXResourcesBuildPhase;
			buildActionMask = 2147483647;
			files = (
				8461064A23786FF8003C2532 /* LaunchScreen.storyboard in Resources */,
				8461064523786FF6003C2532 /* Main.storyboard in Resources */,
				84696213237B2A9400701D9B /* Assets.xcassets in Resources */,
			);
			runOnlyForDeploymentPostprocessing = 0;
		};
		8461064E23786FF8003C2532 /* Resources */ = {
			isa = PBXResourcesBuildPhase;
			buildActionMask = 2147483647;
			files = (
			);
			runOnlyForDeploymentPostprocessing = 0;
		};
/* End PBXResourcesBuildPhase section */

/* Begin PBXShellScriptBuildPhase section */
		1BDC241438972FBC76503AD2 /* [CP] Embed Pods Frameworks */ = {
			isa = PBXShellScriptBuildPhase;
			buildActionMask = 2147483647;
			files = (
			);
			inputFileListPaths = (
				"${PODS_ROOT}/Target Support Files/Pods-SkybondsTestTask/Pods-SkybondsTestTask-frameworks-${CONFIGURATION}-input-files.xcfilelist",
			);
			name = "[CP] Embed Pods Frameworks";
			outputFileListPaths = (
				"${PODS_ROOT}/Target Support Files/Pods-SkybondsTestTask/Pods-SkybondsTestTask-frameworks-${CONFIGURATION}-output-files.xcfilelist",
			);
			runOnlyForDeploymentPostprocessing = 0;
			shellPath = /bin/sh;
			shellScript = "\"${PODS_ROOT}/Target Support Files/Pods-SkybondsTestTask/Pods-SkybondsTestTask-frameworks.sh\"\n";
			showEnvVarsInLog = 0;
		};
		8087D13DE6A773F4E4F1A53F /* [CP] Check Pods Manifest.lock */ = {
			isa = PBXShellScriptBuildPhase;
			buildActionMask = 2147483647;
			files = (
			);
			inputFileListPaths = (
			);
			inputPaths = (
				"${PODS_PODFILE_DIR_PATH}/Podfile.lock",
				"${PODS_ROOT}/Manifest.lock",
			);
			name = "[CP] Check Pods Manifest.lock";
			outputFileListPaths = (
			);
			outputPaths = (
				"$(DERIVED_FILE_DIR)/Pods-SkybondsTestTaskTests-checkManifestLockResult.txt",
			);
			runOnlyForDeploymentPostprocessing = 0;
			shellPath = /bin/sh;
			shellScript = "diff \"${PODS_PODFILE_DIR_PATH}/Podfile.lock\" \"${PODS_ROOT}/Manifest.lock\" > /dev/null\nif [ $? != 0 ] ; then\n    # print error to STDERR\n    echo \"error: The sandbox is not in sync with the Podfile.lock. Run 'pod install' or update your CocoaPods installation.\" >&2\n    exit 1\nfi\n# This output is used by Xcode 'outputs' to avoid re-running this script phase.\necho \"SUCCESS\" > \"${SCRIPT_OUTPUT_FILE_0}\"\n";
			showEnvVarsInLog = 0;
		};
		87378BD1B394E619EA83E678 /* [CP] Check Pods Manifest.lock */ = {
			isa = PBXShellScriptBuildPhase;
			buildActionMask = 2147483647;
			files = (
			);
			inputFileListPaths = (
			);
			inputPaths = (
				"${PODS_PODFILE_DIR_PATH}/Podfile.lock",
				"${PODS_ROOT}/Manifest.lock",
			);
			name = "[CP] Check Pods Manifest.lock";
			outputFileListPaths = (
			);
			outputPaths = (
				"$(DERIVED_FILE_DIR)/Pods-SkybondsTestTask-checkManifestLockResult.txt",
			);
			runOnlyForDeploymentPostprocessing = 0;
			shellPath = /bin/sh;
			shellScript = "diff \"${PODS_PODFILE_DIR_PATH}/Podfile.lock\" \"${PODS_ROOT}/Manifest.lock\" > /dev/null\nif [ $? != 0 ] ; then\n    # print error to STDERR\n    echo \"error: The sandbox is not in sync with the Podfile.lock. Run 'pod install' or update your CocoaPods installation.\" >&2\n    exit 1\nfi\n# This output is used by Xcode 'outputs' to avoid re-running this script phase.\necho \"SUCCESS\" > \"${SCRIPT_OUTPUT_FILE_0}\"\n";
			showEnvVarsInLog = 0;
		};
/* End PBXShellScriptBuildPhase section */

/* Begin PBXSourcesBuildPhase section */
		8461063623786FF6003C2532 /* Sources */ = {
			isa = PBXSourcesBuildPhase;
			buildActionMask = 2147483647;
			files = (
				8461064223786FF6003C2532 /* ViewController.swift in Sources */,
				8485C820237B1F36000E6E79 /* UIView+Properties.swift in Sources */,
				8461063E23786FF6003C2532 /* AppDelegate.swift in Sources */,
				8461064023786FF6003C2532 /* SceneDelegate.swift in Sources */,
				8485C81A237AEB92000E6E79 /* SharePlotFactory.swift in Sources */,
				8485C816237AEB17000E6E79 /* SharePlotPresenter.swift in Sources */,
				8485C813237AE948000E6E79 /* SharePlotViewController.swift in Sources */,
				84610663237AA4FE003C2532 /* ShareData.swift in Sources */,
				8485C818237AEB22000E6E79 /* SharePlotInteractor.swift in Sources */,
				8485C81E237B0A18000E6E79 /* DataValueFormatter.swift in Sources */,
			);
			runOnlyForDeploymentPostprocessing = 0;
		};
		8461064C23786FF8003C2532 /* Sources */ = {
			isa = PBXSourcesBuildPhase;
			buildActionMask = 2147483647;
			files = (
				8461065523786FF8003C2532 /* SkybondsTestTaskTests.swift in Sources */,
			);
			runOnlyForDeploymentPostprocessing = 0;
		};
/* End PBXSourcesBuildPhase section */

/* Begin PBXTargetDependency section */
		8461065223786FF8003C2532 /* PBXTargetDependency */ = {
			isa = PBXTargetDependency;
			target = 8461063923786FF6003C2532 /* SkybondsTestTask */;
			targetProxy = 8461065123786FF8003C2532 /* PBXContainerItemProxy */;
		};
/* End PBXTargetDependency section */

/* Begin PBXVariantGroup section */
		8461064323786FF6003C2532 /* Main.storyboard */ = {
			isa = PBXVariantGroup;
			children = (
				8461064423786FF6003C2532 /* Base */,
			);
			name = Main.storyboard;
			sourceTree = "<group>";
		};
		8461064823786FF8003C2532 /* LaunchScreen.storyboard */ = {
			isa = PBXVariantGroup;
			children = (
				8461064923786FF8003C2532 /* Base */,
			);
			name = LaunchScreen.storyboard;
			sourceTree = "<group>";
		};
/* End PBXVariantGroup section */

/* Begin XCBuildConfiguration section */
		8461065723786FF8003C2532 /* Debug */ = {
			isa = XCBuildConfiguration;
			buildSettings = {
				ALWAYS_SEARCH_USER_PATHS = NO;
				CLANG_ANALYZER_NONNULL = YES;
				CLANG_ANALYZER_NUMBER_OBJECT_CONVERSION = YES_AGGRESSIVE;
				CLANG_CXX_LANGUAGE_STANDARD = "gnu++14";
				CLANG_CXX_LIBRARY = "libc++";
				CLANG_ENABLE_MODULES = YES;
				CLANG_ENABLE_OBJC_ARC = YES;
				CLANG_ENABLE_OBJC_WEAK = YES;
				CLANG_WARN_BLOCK_CAPTURE_AUTORELEASING = YES;
				CLANG_WARN_BOOL_CONVERSION = YES;
				CLANG_WARN_COMMA = YES;
				CLANG_WARN_CONSTANT_CONVERSION = YES;
				CLANG_WARN_DEPRECATED_OBJC_IMPLEMENTATIONS = YES;
				CLANG_WARN_DIRECT_OBJC_ISA_USAGE = YES_ERROR;
				CLANG_WARN_DOCUMENTATION_COMMENTS = YES;
				CLANG_WARN_EMPTY_BODY = YES;
				CLANG_WARN_ENUM_CONVERSION = YES;
				CLANG_WARN_INFINITE_RECURSION = YES;
				CLANG_WARN_INT_CONVERSION = YES;
				CLANG_WARN_NON_LITERAL_NULL_CONVERSION = YES;
				CLANG_WARN_OBJC_IMPLICIT_RETAIN_SELF = YES;
				CLANG_WARN_OBJC_LITERAL_CONVERSION = YES;
				CLANG_WARN_OBJC_ROOT_CLASS = YES_ERROR;
				CLANG_WARN_RANGE_LOOP_ANALYSIS = YES;
				CLANG_WARN_STRICT_PROTOTYPES = YES;
				CLANG_WARN_SUSPICIOUS_MOVE = YES;
				CLANG_WARN_UNGUARDED_AVAILABILITY = YES_AGGRESSIVE;
				CLANG_WARN_UNREACHABLE_CODE = YES;
				CLANG_WARN__DUPLICATE_METHOD_MATCH = YES;
				COPY_PHASE_STRIP = NO;
				DEBUG_INFORMATION_FORMAT = dwarf;
				ENABLE_STRICT_OBJC_MSGSEND = YES;
				ENABLE_TESTABILITY = YES;
				GCC_C_LANGUAGE_STANDARD = gnu11;
				GCC_DYNAMIC_NO_PIC = NO;
				GCC_NO_COMMON_BLOCKS = YES;
				GCC_OPTIMIZATION_LEVEL = 0;
				GCC_PREPROCESSOR_DEFINITIONS = (
					"DEBUG=1",
					"$(inherited)",
				);
				GCC_WARN_64_TO_32_BIT_CONVERSION = YES;
				GCC_WARN_ABOUT_RETURN_TYPE = YES_ERROR;
				GCC_WARN_UNDECLARED_SELECTOR = YES;
				GCC_WARN_UNINITIALIZED_AUTOS = YES_AGGRESSIVE;
				GCC_WARN_UNUSED_FUNCTION = YES;
				GCC_WARN_UNUSED_VARIABLE = YES;
				IPHONEOS_DEPLOYMENT_TARGET = 13.1;
				MTL_ENABLE_DEBUG_INFO = INCLUDE_SOURCE;
				MTL_FAST_MATH = YES;
				ONLY_ACTIVE_ARCH = YES;
				SDKROOT = iphoneos;
				SWIFT_ACTIVE_COMPILATION_CONDITIONS = DEBUG;
				SWIFT_OPTIMIZATION_LEVEL = "-Onone";
			};
			name = Debug;
		};
		8461065823786FF8003C2532 /* Release */ = {
			isa = XCBuildConfiguration;
			buildSettings = {
				ALWAYS_SEARCH_USER_PATHS = NO;
				CLANG_ANALYZER_NONNULL = YES;
				CLANG_ANALYZER_NUMBER_OBJECT_CONVERSION = YES_AGGRESSIVE;
				CLANG_CXX_LANGUAGE_STANDARD = "gnu++14";
				CLANG_CXX_LIBRARY = "libc++";
				CLANG_ENABLE_MODULES = YES;
				CLANG_ENABLE_OBJC_ARC = YES;
				CLANG_ENABLE_OBJC_WEAK = YES;
				CLANG_WARN_BLOCK_CAPTURE_AUTORELEASING = YES;
				CLANG_WARN_BOOL_CONVERSION = YES;
				CLANG_WARN_COMMA = YES;
				CLANG_WARN_CONSTANT_CONVERSION = YES;
				CLANG_WARN_DEPRECATED_OBJC_IMPLEMENTATIONS = YES;
				CLANG_WARN_DIRECT_OBJC_ISA_USAGE = YES_ERROR;
				CLANG_WARN_DOCUMENTATION_COMMENTS = YES;
				CLANG_WARN_EMPTY_BODY = YES;
				CLANG_WARN_ENUM_CONVERSION = YES;
				CLANG_WARN_INFINITE_RECURSION = YES;
				CLANG_WARN_INT_CONVERSION = YES;
				CLANG_WARN_NON_LITERAL_NULL_CONVERSION = YES;
				CLANG_WARN_OBJC_IMPLICIT_RETAIN_SELF = YES;
				CLANG_WARN_OBJC_LITERAL_CONVERSION = YES;
				CLANG_WARN_OBJC_ROOT_CLASS = YES_ERROR;
				CLANG_WARN_RANGE_LOOP_ANALYSIS = YES;
				CLANG_WARN_STRICT_PROTOTYPES = YES;
				CLANG_WARN_SUSPICIOUS_MOVE = YES;
				CLANG_WARN_UNGUARDED_AVAILABILITY = YES_AGGRESSIVE;
				CLANG_WARN_UNREACHABLE_CODE = YES;
				CLANG_WARN__DUPLICATE_METHOD_MATCH = YES;
				COPY_PHASE_STRIP = NO;
				DEBUG_INFORMATION_FORMAT = "dwarf-with-dsym";
				ENABLE_NS_ASSERTIONS = NO;
				ENABLE_STRICT_OBJC_MSGSEND = YES;
				GCC_C_LANGUAGE_STANDARD = gnu11;
				GCC_NO_COMMON_BLOCKS = YES;
				GCC_WARN_64_TO_32_BIT_CONVERSION = YES;
				GCC_WARN_ABOUT_RETURN_TYPE = YES_ERROR;
				GCC_WARN_UNDECLARED_SELECTOR = YES;
				GCC_WARN_UNINITIALIZED_AUTOS = YES_AGGRESSIVE;
				GCC_WARN_UNUSED_FUNCTION = YES;
				GCC_WARN_UNUSED_VARIABLE = YES;
				IPHONEOS_DEPLOYMENT_TARGET = 13.1;
				MTL_ENABLE_DEBUG_INFO = NO;
				MTL_FAST_MATH = YES;
				SDKROOT = iphoneos;
				SWIFT_COMPILATION_MODE = wholemodule;
				SWIFT_OPTIMIZATION_LEVEL = "-O";
				VALIDATE_PRODUCT = YES;
			};
			name = Release;
		};
		8461065A23786FF8003C2532 /* Debug */ = {
			isa = XCBuildConfiguration;
			baseConfigurationReference = 06F2DD04CA3F2AE79603C787 /* Pods-SkybondsTestTask.debug.xcconfig */;
			buildSettings = {
				ASSETCATALOG_COMPILER_APPICON_NAME = AppIcon;
				CODE_SIGN_STYLE = Automatic;
				INFOPLIST_FILE = SkybondsTestTask/Info.plist;
				IPHONEOS_DEPLOYMENT_TARGET = 11.0;
				LD_RUNPATH_SEARCH_PATHS = (
					"$(inherited)",
					"@executable_path/Frameworks",
				);
				PRODUCT_BUNDLE_IDENTIFIER = com.sergeykharchenko.SkybondsTestTask;
				PRODUCT_NAME = "$(TARGET_NAME)";
				SWIFT_VERSION = 5.0;
				TARGETED_DEVICE_FAMILY = 1;
			};
			name = Debug;
		};
		8461065B23786FF8003C2532 /* Release */ = {
			isa = XCBuildConfiguration;
			baseConfigurationReference = 8962C7D41612489DD7381B7B /* Pods-SkybondsTestTask.release.xcconfig */;
			buildSettings = {
				ASSETCATALOG_COMPILER_APPICON_NAME = AppIcon;
				CODE_SIGN_STYLE = Automatic;
				INFOPLIST_FILE = SkybondsTestTask/Info.plist;
				IPHONEOS_DEPLOYMENT_TARGET = 11.0;
				LD_RUNPATH_SEARCH_PATHS = (
					"$(inherited)",
					"@executable_path/Frameworks",
				);
				PRODUCT_BUNDLE_IDENTIFIER = com.sergeykharchenko.SkybondsTestTask;
				PRODUCT_NAME = "$(TARGET_NAME)";
				SWIFT_VERSION = 5.0;
				TARGETED_DEVICE_FAMILY = 1;
			};
			name = Release;
		};
		8461065D23786FF8003C2532 /* Debug */ = {
			isa = XCBuildConfiguration;
			baseConfigurationReference = F069EE52AD6020650B9933DE /* Pods-SkybondsTestTaskTests.debug.xcconfig */;
			buildSettings = {
				ALWAYS_EMBED_SWIFT_STANDARD_LIBRARIES = YES;
				BUNDLE_LOADER = "$(TEST_HOST)";
				CODE_SIGN_STYLE = Automatic;
				INFOPLIST_FILE = SkybondsTestTaskTests/Info.plist;
				IPHONEOS_DEPLOYMENT_TARGET = 13.1;
				LD_RUNPATH_SEARCH_PATHS = (
					"$(inherited)",
					"@executable_path/Frameworks",
					"@loader_path/Frameworks",
				);
				PRODUCT_BUNDLE_IDENTIFIER = com.sergeykharchenko.SkybondsTestTaskTests;
				PRODUCT_NAME = "$(TARGET_NAME)";
				SWIFT_VERSION = 5.0;
				TARGETED_DEVICE_FAMILY = "1,2";
				TEST_HOST = "$(BUILT_PRODUCTS_DIR)/SkybondsTestTask.app/SkybondsTestTask";
			};
			name = Debug;
		};
		8461065E23786FF8003C2532 /* Release */ = {
			isa = XCBuildConfiguration;
			baseConfigurationReference = 83D6F8CE175C13666FA801A6 /* Pods-SkybondsTestTaskTests.release.xcconfig */;
			buildSettings = {
				ALWAYS_EMBED_SWIFT_STANDARD_LIBRARIES = YES;
				BUNDLE_LOADER = "$(TEST_HOST)";
				CODE_SIGN_STYLE = Automatic;
				INFOPLIST_FILE = SkybondsTestTaskTests/Info.plist;
				IPHONEOS_DEPLOYMENT_TARGET = 13.1;
				LD_RUNPATH_SEARCH_PATHS = (
					"$(inherited)",
					"@executable_path/Frameworks",
					"@loader_path/Frameworks",
				);
				PRODUCT_BUNDLE_IDENTIFIER = com.sergeykharchenko.SkybondsTestTaskTests;
				PRODUCT_NAME = "$(TARGET_NAME)";
				SWIFT_VERSION = 5.0;
				TARGETED_DEVICE_FAMILY = "1,2";
				TEST_HOST = "$(BUILT_PRODUCTS_DIR)/SkybondsTestTask.app/SkybondsTestTask";
			};
			name = Release;
		};
/* End XCBuildConfiguration section */

/* Begin XCConfigurationList section */
		8461063523786FF6003C2532 /* Build configuration list for PBXProject "SkybondsTestTask" */ = {
			isa = XCConfigurationList;
			buildConfigurations = (
				8461065723786FF8003C2532 /* Debug */,
				8461065823786FF8003C2532 /* Release */,
			);
			defaultConfigurationIsVisible = 0;
			defaultConfigurationName = Release;
		};
		8461065923786FF8003C2532 /* Build configuration list for PBXNativeTarget "SkybondsTestTask" */ = {
			isa = XCConfigurationList;
			buildConfigurations = (
				8461065A23786FF8003C2532 /* Debug */,
				8461065B23786FF8003C2532 /* Release */,
			);
			defaultConfigurationIsVisible = 0;
			defaultConfigurationName = Release;
		};
		8461065C23786FF8003C2532 /* Build configuration list for PBXNativeTarget "SkybondsTestTaskTests" */ = {
			isa = XCConfigurationList;
			buildConfigurations = (
				8461065D23786FF8003C2532 /* Debug */,
				8461065E23786FF8003C2532 /* Release */,
			);
			defaultConfigurationIsVisible = 0;
			defaultConfigurationName = Release;
		};
/* End XCConfigurationList section */
	};
	rootObject = 8461063223786FF6003C2532 /* Project object */;
}
